
Microsoft Visual Studio Solution File, Format Version 12.00
# Visual Studio Version 17
VisualStudioVersion = 17.13.35828.75 d17.13
MinimumVisualStudioVersion = 10.0.40219.1
Project("{FAE04EC0-301F-11D3-BF4B-00C04F79EFBC}") = "ZYTDotNetCore.ConsoleApp", "ZYTDotNetCore.ConsoleApp\ZYTDotNetCore.ConsoleApp.csproj", "{E0236F9E-DAA4-4E5B-82C8-5902D2AB4807}"
EndProject
Project("{2150E333-8FDC-42A3-9474-1A3956D46DE8}") = "Documents", "Documents", "{02EA681E-C7D8-13C7-8484-4AC65E1B71E8}"
EndProject
Global
	GlobalSection(SolutionConfigurationPlatforms) = preSolution
		Debug|Any CPU = Debug|Any CPU
		Release|Any CPU = Release|Any CPU
	EndGlobalSection
	GlobalSection(ProjectConfigurationPlatforms) = postSolution
		{E0236F9E-DAA4-4E5B-82C8-5902D2AB4807}.Debug|Any CPU.ActiveCfg = Debug|Any CPU
		{E0236F9E-DAA4-4E5B-82C8-5902D2AB4807}.Debug|Any CPU.Build.0 = Debug|Any CPU
		{E0236F9E-DAA4-4E5B-82C8-5902D2AB4807}.Release|Any CPU.ActiveCfg = Release|Any CPU
		{E0236F9E-DAA4-4E5B-82C8-5902D2AB4807}.Release|Any CPU.Build.0 = Release|Any CPU
	EndGlobalSection
	GlobalSection(SolutionProperties) = preSolution
		HideSolutionNode = FALSE
	EndGlobalSection
	GlobalSection(ExtensibilityGlobals) = postSolution
		SolutionGuid = {B44412AA-8B04-421E-9174-7EF97024ECEA}
	EndGlobalSection
EndGlobal
